
Microsoft Visual Studio Solution File, Format Version 12.00
# Visual Studio Version 16
VisualStudioVersion = 16.0.30413.136
MinimumVisualStudioVersion = 10.0.40219.1
Project("{FAE04EC0-301F-11D3-BF4B-00C04F79EFBC}") = "HB.MarsRoverProblem", "HB.MarsRoverProblem\HB.MarsRoverProblem.csproj", "{561EE98A-EA7F-430C-B27C-D070EA17797D}"
EndProject
Project("{FAE04EC0-301F-11D3-BF4B-00C04F79EFBC}") = "HB.MarsRoverProblemTests", "HB.MarsRoverProblemTests\HB.MarsRoverProblemTests.csproj", "{0669CE94-5783-4DE0-A9C3-F95AA59921CE}"
EndProject
Global
	GlobalSection(SolutionConfigurationPlatforms) = preSolution
		Debug|Any CPU = Debug|Any CPU
		Release|Any CPU = Release|Any CPU
	EndGlobalSection
	GlobalSection(ProjectConfigurationPlatforms) = postSolution
		{561EE98A-EA7F-430C-B27C-D070EA17797D}.Debug|Any CPU.ActiveCfg = Debug|Any CPU
		{561EE98A-EA7F-430C-B27C-D070EA17797D}.Debug|Any CPU.Build.0 = Debug|Any CPU
		{561EE98A-EA7F-430C-B27C-D070EA17797D}.Release|Any CPU.ActiveCfg = Release|Any CPU
		{561EE98A-EA7F-430C-B27C-D070EA17797D}.Release|Any CPU.Build.0 = Release|Any CPU
		{0669CE94-5783-4DE0-A9C3-F95AA59921CE}.Debug|Any CPU.ActiveCfg = Debug|Any CPU
		{0669CE94-5783-4DE0-A9C3-F95AA59921CE}.Debug|Any CPU.Build.0 = Debug|Any CPU
		{0669CE94-5783-4DE0-A9C3-F95AA59921CE}.Release|Any CPU.ActiveCfg = Release|Any CPU
		{0669CE94-5783-4DE0-A9C3-F95AA59921CE}.Release|Any CPU.Build.0 = Release|Any CPU
	EndGlobalSection
	GlobalSection(SolutionProperties) = preSolution
		HideSolutionNode = FALSE
	EndGlobalSection
	GlobalSection(ExtensibilityGlobals) = postSolution
		SolutionGuid = {7E51CE05-2ADA-4E22-9BC1-5DA7A68AD986}
	EndGlobalSection
EndGlobal
